// !$*UTF8*$!
{
	archiveVersion = 1;
	classes = {
	};
	objectVersion = 46;
	objects = {

/* Begin PBXBuildFile section */
		855BE4161C4BF5E100BDCCF2 /* AppDelegate.swift in Sources */ = {isa = PBXBuildFile; fileRef = 855BE4151C4BF5E100BDCCF2 /* AppDelegate.swift */; };
		855BE4181C4BF5E100BDCCF2 /* ViewController.swift in Sources */ = {isa = PBXBuildFile; fileRef = 855BE4171C4BF5E100BDCCF2 /* ViewController.swift */; };
		855BE41B1C4BF5E100BDCCF2 /* Main.storyboard in Resources */ = {isa = PBXBuildFile; fileRef = 855BE4191C4BF5E100BDCCF2 /* Main.storyboard */; };
		855BE41D1C4BF5E100BDCCF2 /* Assets.xcassets in Resources */ = {isa = PBXBuildFile; fileRef = 855BE41C1C4BF5E100BDCCF2 /* Assets.xcassets */; };
		855BE4201C4BF5E100BDCCF2 /* LaunchScreen.storyboard in Resources */ = {isa = PBXBuildFile; fileRef = 855BE41E1C4BF5E100BDCCF2 /* LaunchScreen.storyboard */; };
		855BE42B1C4BF5E100BDCCF2 /* Poot_TapperTests.swift in Sources */ = {isa = PBXBuildFile; fileRef = 855BE42A1C4BF5E100BDCCF2 /* Poot_TapperTests.swift */; };
		855BE4361C4BF5E100BDCCF2 /* Poot_TapperUITests.swift in Sources */ = {isa = PBXBuildFile; fileRef = 855BE4351C4BF5E100BDCCF2 /* Poot_TapperUITests.swift */; };
/* End PBXBuildFile section */

/* Begin PBXContainerItemProxy section */
		855BE4271C4BF5E100BDCCF2 /* PBXContainerItemProxy */ = {
			isa = PBXContainerItemProxy;
			containerPortal = 855BE40A1C4BF5E100BDCCF2 /* Project object */;
			proxyType = 1;
			remoteGlobalIDString = 855BE4111C4BF5E100BDCCF2;
			remoteInfo = "Poot Tapper";
		};
		855BE4321C4BF5E100BDCCF2 /* PBXContainerItemProxy */ = {
			isa = PBXContainerItemProxy;
			containerPortal = 855BE40A1C4BF5E100BDCCF2 /* Project object */;
			proxyType = 1;
			remoteGlobalIDString = 855BE4111C4BF5E100BDCCF2;
			remoteInfo = "Poot Tapper";
		};
/* End PBXContainerItemProxy section */

/* Begin PBXFileReference section */
		855BE4121C4BF5E100BDCCF2 /* Poot Tapper.app */ = {isa = PBXFileReference; explicitFileType = wrapper.application; includeInIndex = 0; path = "Poot Tapper.app"; sourceTree = BUILT_PRODUCTS_DIR; };
		855BE4151C4BF5E100BDCCF2 /* AppDelegate.swift */ = {isa = PBXFileReference; lastKnownFileType = sourcecode.swift; path = AppDelegate.swift; sourceTree = "<group>"; };
		855BE4171C4BF5E100BDCCF2 /* ViewController.swift */ = {isa = PBXFileReference; lastKnownFileType = sourcecode.swift; path = ViewController.swift; sourceTree = "<group>"; };
		855BE41A1C4BF5E100BDCCF2 /* Base */ = {isa = PBXFileReference; lastKnownFileType = file.storyboard; name = Base; path = Base.lproj/Main.storyboard; sourceTree = "<group>"; };
		855BE41C1C4BF5E100BDCCF2 /* Assets.xcassets */ = {isa = PBXFileReference; lastKnownFileType = folder.assetcatalog; path = Assets.xcassets; sourceTree = "<group>"; };
		855BE41F1C4BF5E100BDCCF2 /* Base */ = {isa = PBXFileReference; lastKnownFileType = file.storyboard; name = Base; path = Base.lproj/LaunchScreen.storyboard; sourceTree = "<group>"; };
		855BE4211C4BF5E100BDCCF2 /* Info.plist */ = {isa = PBXFileReference; lastKnownFileType = text.plist.xml; path = Info.plist; sourceTree = "<group>"; };
		855BE4261C4BF5E100BDCCF2 /* Poot TapperTests.xctest */ = {isa = PBXFileReference; explicitFileType = wrapper.cfbundle; includeInIndex = 0; path = "Poot TapperTests.xctest"; sourceTree = BUILT_PRODUCTS_DIR; };
		855BE42A1C4BF5E100BDCCF2 /* Poot_TapperTests.swift */ = {isa = PBXFileReference; lastKnownFileType = sourcecode.swift; path = Poot_TapperTests.swift; sourceTree = "<group>"; };
		855BE42C1C4BF5E100BDCCF2 /* Info.plist */ = {isa = PBXFileReference; lastKnownFileType = text.plist.xml; path = Info.plist; sourceTree = "<group>"; };
		855BE4311C4BF5E100BDCCF2 /* Poot TapperUITests.xctest */ = {isa = PBXFileReference; explicitFileType = wrapper.cfbundle; includeInIndex = 0; path = "Poot TapperUITests.xctest"; sourceTree = BUILT_PRODUCTS_DIR; };
		855BE4351C4BF5E100BDCCF2 /* Poot_TapperUITests.swift */ = {isa = PBXFileReference; lastKnownFileType = sourcecode.swift; path = Poot_TapperUITests.swift; sourceTree = "<group>"; };
		855BE4371C4BF5E100BDCCF2 /* Info.plist */ = {isa = PBXFileReference; lastKnownFileType = text.plist.xml; path = Info.plist; sourceTree = "<group>"; };
/* End PBXFileReference section */

/* Begin PBXFrameworksBuildPhase section */
		855BE40F1C4BF5E100BDCCF2 /* Frameworks */ = {
			isa = PBXFrameworksBuildPhase;
			buildActionMask = 2147483647;
			files = (
			);
			runOnlyForDeploymentPostprocessing = 0;
		};
		855BE4231C4BF5E100BDCCF2 /* Frameworks */ = {
			isa = PBXFrameworksBuildPhase;
			buildActionMask = 2147483647;
			files = (
			);
			runOnlyForDeploymentPostprocessing = 0;
		};
		855BE42E1C4BF5E100BDCCF2 /* Frameworks */ = {
			isa = PBXFrameworksBuildPhase;
			buildActionMask = 2147483647;
			files = (
			);
			runOnlyForDeploymentPostprocessing = 0;
		};
/* End PBXFrameworksBuildPhase section */

/* Begin PBXGroup section */
		855BE4091C4BF5E100BDCCF2 = {
			isa = PBXGroup;
			children = (
				855BE4141C4BF5E100BDCCF2 /* Poot Tapper */,
				855BE4291C4BF5E100BDCCF2 /* Poot TapperTests */,
				855BE4341C4BF5E100BDCCF2 /* Poot TapperUITests */,
				855BE4131C4BF5E100BDCCF2 /* Products */,
			);
			sourceTree = "<group>";
		};
		855BE4131C4BF5E100BDCCF2 /* Products */ = {
			isa = PBXGroup;
			children = (
				855BE4121C4BF5E100BDCCF2 /* Poot Tapper.app */,
				855BE4261C4BF5E100BDCCF2 /* Poot TapperTests.xctest */,
				855BE4311C4BF5E100BDCCF2 /* Poot TapperUITests.xctest */,
			);
			name = Products;
			sourceTree = "<group>";
		};
		855BE4141C4BF5E100BDCCF2 /* Poot Tapper */ = {
			isa = PBXGroup;
			children = (
				855BE4151C4BF5E100BDCCF2 /* AppDelegate.swift */,
				855BE4171C4BF5E100BDCCF2 /* ViewController.swift */,
				855BE4191C4BF5E100BDCCF2 /* Main.storyboard */,
				855BE41C1C4BF5E100BDCCF2 /* Assets.xcassets */,
				855BE41E1C4BF5E100BDCCF2 /* LaunchScreen.storyboard */,
				855BE4211C4BF5E100BDCCF2 /* Info.plist */,
			);
			path = "Poot Tapper";
			sourceTree = "<group>";
		};
		855BE4291C4BF5E100BDCCF2 /* Poot TapperTests */ = {
			isa = PBXGroup;
			children = (
				855BE42A1C4BF5E100BDCCF2 /* Poot_TapperTests.swift */,
				855BE42C1C4BF5E100BDCCF2 /* Info.plist */,
			);
			path = "Poot TapperTests";
			sourceTree = "<group>";
		};
		855BE4341C4BF5E100BDCCF2 /* Poot TapperUITests */ = {
			isa = PBXGroup;
			children = (
				855BE4351C4BF5E100BDCCF2 /* Poot_TapperUITests.swift */,
				855BE4371C4BF5E100BDCCF2 /* Info.plist */,
			);
			path = "Poot TapperUITests";
			sourceTree = "<group>";
		};
/* End PBXGroup section */

/* Begin PBXNativeTarget section */
		855BE4111C4BF5E100BDCCF2 /* Poot Tapper */ = {
			isa = PBXNativeTarget;
			buildConfigurationList = 855BE43A1C4BF5E100BDCCF2 /* Build configuration list for PBXNativeTarget "Poot Tapper" */;
			buildPhases = (
				855BE40E1C4BF5E100BDCCF2 /* Sources */,
				855BE40F1C4BF5E100BDCCF2 /* Frameworks */,
				855BE4101C4BF5E100BDCCF2 /* Resources */,
			);
			buildRules = (
			);
			dependencies = (
			);
			name = "Poot Tapper";
			productName = "Poot Tapper";
			productReference = 855BE4121C4BF5E100BDCCF2 /* Poot Tapper.app */;
			productType = "com.apple.product-type.application";
		};
		855BE4251C4BF5E100BDCCF2 /* Poot TapperTests */ = {
			isa = PBXNativeTarget;
			buildConfigurationList = 855BE43D1C4BF5E100BDCCF2 /* Build configuration list for PBXNativeTarget "Poot TapperTests" */;
			buildPhases = (
				855BE4221C4BF5E100BDCCF2 /* Sources */,
				855BE4231C4BF5E100BDCCF2 /* Frameworks */,
				855BE4241C4BF5E100BDCCF2 /* Resources */,
			);
			buildRules = (
			);
			dependencies = (
				855BE4281C4BF5E100BDCCF2 /* PBXTargetDependency */,
			);
			name = "Poot TapperTests";
			productName = "Poot TapperTests";
			productReference = 855BE4261C4BF5E100BDCCF2 /* Poot TapperTests.xctest */;
			productType = "com.apple.product-type.bundle.unit-test";
		};
		855BE4301C4BF5E100BDCCF2 /* Poot TapperUITests */ = {
			isa = PBXNativeTarget;
			buildConfigurationList = 855BE4401C4BF5E100BDCCF2 /* Build configuration list for PBXNativeTarget "Poot TapperUITests" */;
			buildPhases = (
				855BE42D1C4BF5E100BDCCF2 /* Sources */,
				855BE42E1C4BF5E100BDCCF2 /* Frameworks */,
				855BE42F1C4BF5E100BDCCF2 /* Resources */,
			);
			buildRules = (
			);
			dependencies = (
				855BE4331C4BF5E100BDCCF2 /* PBXTargetDependency */,
			);
			name = "Poot TapperUITests";
			productName = "Poot TapperUITests";
			productReference = 855BE4311C4BF5E100BDCCF2 /* Poot TapperUITests.xctest */;
			productType = "com.apple.product-type.bundle.ui-testing";
		};
/* End PBXNativeTarget section */

/* Begin PBXProject section */
		855BE40A1C4BF5E100BDCCF2 /* Project object */ = {
			isa = PBXProject;
			attributes = {
				LastSwiftUpdateCheck = 0720;
				LastUpgradeCheck = 0720;
				ORGANIZATIONNAME = "Jesse Millar";
				TargetAttributes = {
					855BE4111C4BF5E100BDCCF2 = {
						CreatedOnToolsVersion = 7.2;
						DevelopmentTeam = X9JFNKXF5Q;
					};
					855BE4251C4BF5E100BDCCF2 = {
						CreatedOnToolsVersion = 7.2;
						DevelopmentTeam = X9JFNKXF5Q;
						TestTargetID = 855BE4111C4BF5E100BDCCF2;
					};
					855BE4301C4BF5E100BDCCF2 = {
						CreatedOnToolsVersion = 7.2;
						DevelopmentTeam = X9JFNKXF5Q;
						TestTargetID = 855BE4111C4BF5E100BDCCF2;
					};
				};
			};
			buildConfigurationList = 855BE40D1C4BF5E100BDCCF2 /* Build configuration list for PBXProject "Poot Tapper" */;
			compatibilityVersion = "Xcode 3.2";
			developmentRegion = English;
			hasScannedForEncodings = 0;
			knownRegions = (
				en,
				Base,
			);
			mainGroup = 855BE4091C4BF5E100BDCCF2;
			productRefGroup = 855BE4131C4BF5E100BDCCF2 /* Products */;
			projectDirPath = "";
			projectRoot = "";
			targets = (
				855BE4111C4BF5E100BDCCF2 /* Poot Tapper */,
				855BE4251C4BF5E100BDCCF2 /* Poot TapperTests */,
				855BE4301C4BF5E100BDCCF2 /* Poot TapperUITests */,
			);
		};
/* End PBXProject section */

/* Begin PBXResourcesBuildPhase section */
		855BE4101C4BF5E100BDCCF2 /* Resources */ = {
			isa = PBXResourcesBuildPhase;
			buildActionMask = 2147483647;
			files = (
				855BE4201C4BF5E100BDCCF2 /* LaunchScreen.storyboard in Resources */,
				855BE41D1C4BF5E100BDCCF2 /* Assets.xcassets in Resources */,
				855BE41B1C4BF5E100BDCCF2 /* Main.storyboard in Resources */,
			);
			runOnlyForDeploymentPostprocessing = 0;
		};
		855BE4241C4BF5E100BDCCF2 /* Resources */ = {
			isa = PBXResourcesBuildPhase;
			buildActionMask = 2147483647;
			files = (
			);
			runOnlyForDeploymentPostprocessing = 0;
		};
		855BE42F1C4BF5E100BDCCF2 /* Resources */ = {
			isa = PBXResourcesBuildPhase;
			buildActionMask = 2147483647;
			files = (
			);
			runOnlyForDeploymentPostprocessing = 0;
		};
/* End PBXResourcesBuildPhase section */

/* Begin PBXSourcesBuildPhase section */
		855BE40E1C4BF5E100BDCCF2 /* Sources */ = {
			isa = PBXSourcesBuildPhase;
			buildActionMask = 2147483647;
			files = (
				855BE4181C4BF5E100BDCCF2 /* ViewController.swift in Sources */,
				855BE4161C4BF5E100BDCCF2 /* AppDelegate.swift in Sources */,
			);
			runOnlyForDeploymentPostprocessing = 0;
		};
		855BE4221C4BF5E100BDCCF2 /* Sources */ = {
			isa = PBXSourcesBuildPhase;
			buildActionMask = 2147483647;
			files = (
				855BE42B1C4BF5E100BDCCF2 /* Poot_TapperTests.swift in Sources */,
			);
			runOnlyForDeploymentPostprocessing = 0;
		};
		855BE42D1C4BF5E100BDCCF2 /* Sources */ = {
			isa = PBXSourcesBuildPhase;
			buildActionMask = 2147483647;
			files = (
				855BE4361C4BF5E100BDCCF2 /* Poot_TapperUITests.swift in Sources */,
			);
			runOnlyForDeploymentPostprocessing = 0;
		};
/* End PBXSourcesBuildPhase section */

/* Begin PBXTargetDependency section */
		855BE4281C4BF5E100BDCCF2 /* PBXTargetDependency */ = {
			isa = PBXTargetDependency;
			target = 855BE4111C4BF5E100BDCCF2 /* Poot Tapper */;
			targetProxy = 855BE4271C4BF5E100BDCCF2 /* PBXContainerItemProxy */;
		};
		855BE4331C4BF5E100BDCCF2 /* PBXTargetDependency */ = {
			isa = PBXTargetDependency;
			target = 855BE4111C4BF5E100BDCCF2 /* Poot Tapper */;
			targetProxy = 855BE4321C4BF5E100BDCCF2 /* PBXContainerItemProxy */;
		};
/* End PBXTargetDependency section */

/* Begin PBXVariantGroup section */
		855BE4191C4BF5E100BDCCF2 /* Main.storyboard */ = {
			isa = PBXVariantGroup;
			children = (
				855BE41A1C4BF5E100BDCCF2 /* Base */,
			);
			name = Main.storyboard;
			sourceTree = "<group>";
		};
		855BE41E1C4BF5E100BDCCF2 /* LaunchScreen.storyboard */ = {
			isa = PBXVariantGroup;
			children = (
				855BE41F1C4BF5E100BDCCF2 /* Base */,
			);
			name = LaunchScreen.storyboard;
			sourceTree = "<group>";
		};
/* End PBXVariantGroup section */

/* Begin XCBuildConfiguration section */
		855BE4381C4BF5E100BDCCF2 /* Debug */ = {
			isa = XCBuildConfiguration;
			buildSettings = {
				ALWAYS_SEARCH_USER_PATHS = NO;
				CLANG_CXX_LANGUAGE_STANDARD = "gnu++0x";
				CLANG_CXX_LIBRARY = "libc++";
				CLANG_ENABLE_MODULES = YES;
				CLANG_ENABLE_OBJC_ARC = YES;
				CLANG_WARN_BOOL_CONVERSION = YES;
				CLANG_WARN_CONSTANT_CONVERSION = YES;
				CLANG_WARN_DIRECT_OBJC_ISA_USAGE = YES_ERROR;
				CLANG_WARN_EMPTY_BODY = YES;
				CLANG_WARN_ENUM_CONVERSION = YES;
				CLANG_WARN_INT_CONVERSION = YES;
				CLANG_WARN_OBJC_ROOT_CLASS = YES_ERROR;
				CLANG_WARN_UNREACHABLE_CODE = YES;
				CLANG_WARN__DUPLICATE_METHOD_MATCH = YES;
				"CODE_SIGN_IDENTITY[sdk=iphoneos*]" = "iPhone Developer";
				COPY_PHASE_STRIP = NO;
				DEBUG_INFORMATION_FORMAT = dwarf;
				ENABLE_STRICT_OBJC_MSGSEND = YES;
				ENABLE_TESTABILITY = YES;
				GCC_C_LANGUAGE_STANDARD = gnu99;
				GCC_DYNAMIC_NO_PIC = NO;
				GCC_NO_COMMON_BLOCKS = YES;
				GCC_OPTIMIZATION_LEVEL = 0;
				GCC_PREPROCESSOR_DEFINITIONS = (
					"DEBUG=1",
					"$(inherited)",
				);
				GCC_WARN_64_TO_32_BIT_CONVERSION = YES;
				GCC_WARN_ABOUT_RETURN_TYPE = YES_ERROR;
				GCC_WARN_UNDECLARED_SELECTOR = YES;
				GCC_WARN_UNINITIALIZED_AUTOS = YES_AGGRESSIVE;
				GCC_WARN_UNUSED_FUNCTION = YES;
				GCC_WARN_UNUSED_VARIABLE = YES;
				IPHONEOS_DEPLOYMENT_TARGET = 9.2;
				MTL_ENABLE_DEBUG_INFO = YES;
				ONLY_ACTIVE_ARCH = YES;
				SDKROOT = iphoneos;
				SWIFT_OPTIMIZATION_LEVEL = "-Onone";
				TARGETED_DEVICE_FAMILY = "1,2";
			};
			name = Debug;
		};
		855BE4391C4BF5E100BDCCF2 /* Release */ = {
			isa = XCBuildConfiguration;
			buildSettings = {
				ALWAYS_SEARCH_USER_PATHS = NO;
				CLANG_CXX_LANGUAGE_STANDARD = "gnu++0x";
				CLANG_CXX_LIBRARY = "libc++";
				CLANG_ENABLE_MODULES = YES;
				CLANG_ENABLE_OBJC_ARC = YES;
				CLANG_WARN_BOOL_CONVERSION = YES;
				CLANG_WARN_CONSTANT_CONVERSION = YES;
				CLANG_WARN_DIRECT_OBJC_ISA_USAGE = YES_ERROR;
				CLANG_WARN_EMPTY_BODY = YES;
				CLANG_WARN_ENUM_CONVERSION = YES;
				CLANG_WARN_INT_CONVERSION = YES;
				CLANG_WARN_OBJC_ROOT_CLASS = YES_ERROR;
				CLANG_WARN_UNREACHABLE_CODE = YES;
				CLANG_WARN__DUPLICATE_METHOD_MATCH = YES;
				"CODE_SIGN_IDENTITY[sdk=iphoneos*]" = "iPhone Developer";
				COPY_PHASE_STRIP = NO;
				DEBUG_INFORMATION_FORMAT = "dwarf-with-dsym";
				ENABLE_NS_ASSERTIONS = NO;
				ENABLE_STRICT_OBJC_MSGSEND = YES;
				GCC_C_LANGUAGE_STANDARD = gnu99;
				GCC_NO_COMMON_BLOCKS = YES;
				GCC_WARN_64_TO_32_BIT_CONVERSION = YES;
				GCC_WARN_ABOUT_RETURN_TYPE = YES_ERROR;
				GCC_WARN_UNDECLARED_SELECTOR = YES;
				GCC_WARN_UNINITIALIZED_AUTOS = YES_AGGRESSIVE;
				GCC_WARN_UNUSED_FUNCTION = YES;
				GCC_WARN_UNUSED_VARIABLE = YES;
				IPHONEOS_DEPLOYMENT_TARGET = 9.2;
				MTL_ENABLE_DEBUG_INFO = NO;
				SDKROOT = iphoneos;
				TARGETED_DEVICE_FAMILY = "1,2";
				VALIDATE_PRODUCT = YES;
			};
			name = Release;
		};
		855BE43B1C4BF5E100BDCCF2 /* Debug */ = {
			isa = XCBuildConfiguration;
			buildSettings = {
				ASSETCATALOG_COMPILER_APPICON_NAME = AppIcon;
				INFOPLIST_FILE = "Poot Tapper/Info.plist";
				LD_RUNPATH_SEARCH_PATHS = "$(inherited) @executable_path/Frameworks";
				PRODUCT_BUNDLE_IDENTIFIER = "com.jessemillar.Poot-Tapper";
				PRODUCT_NAME = "$(TARGET_NAME)";
			};
			name = Debug;
		};
		855BE43C1C4BF5E100BDCCF2 /* Release */ = {
			isa = XCBuildConfiguration;
			buildSettings = {
				ASSETCATALOG_COMPILER_APPICON_NAME = AppIcon;
				INFOPLIST_FILE = "Poot Tapper/Info.plist";
				LD_RUNPATH_SEARCH_PATHS = "$(inherited) @executable_path/Frameworks";
				PRODUCT_BUNDLE_IDENTIFIER = "com.jessemillar.Poot-Tapper";
				PRODUCT_NAME = "$(TARGET_NAME)";
			};
			name = Release;
		};
		855BE43E1C4BF5E100BDCCF2 /* Debug */ = {
			isa = XCBuildConfiguration;
			buildSettings = {
				BUNDLE_LOADER = "$(TEST_HOST)";
				INFOPLIST_FILE = "Poot TapperTests/Info.plist";
				LD_RUNPATH_SEARCH_PATHS = "$(inherited) @executable_path/Frameworks @loader_path/Frameworks";
				PRODUCT_BUNDLE_IDENTIFIER = "com.jessemillar.Poot-TapperTests";
				PRODUCT_NAME = "$(TARGET_NAME)";
				TEST_HOST = "$(BUILT_PRODUCTS_DIR)/Poot Tapper.app/Poot Tapper";
			};
			name = Debug;
		};
		855BE43F1C4BF5E100BDCCF2 /* Release */ = {
			isa = XCBuildConfiguration;
			buildSettings = {
				BUNDLE_LOADER = "$(TEST_HOST)";
				INFOPLIST_FILE = "Poot TapperTests/Info.plist";
				LD_RUNPATH_SEARCH_PATHS = "$(inherited) @executable_path/Frameworks @loader_path/Frameworks";
				PRODUCT_BUNDLE_IDENTIFIER = "com.jessemillar.Poot-TapperTests";
				PRODUCT_NAME = "$(TARGET_NAME)";
				TEST_HOST = "$(BUILT_PRODUCTS_DIR)/Poot Tapper.app/Poot Tapper";
			};
			name = Release;
		};
		855BE4411C4BF5E100BDCCF2 /* Debug */ = {
			isa = XCBuildConfiguration;
			buildSettings = {
				INFOPLIST_FILE = "Poot TapperUITests/Info.plist";
				LD_RUNPATH_SEARCH_PATHS = "$(inherited) @executable_path/Frameworks @loader_path/Frameworks";
				PRODUCT_BUNDLE_IDENTIFIER = "com.jessemillar.Poot-TapperUITests";
				PRODUCT_NAME = "$(TARGET_NAME)";
				TEST_TARGET_NAME = "Poot Tapper";
				USES_XCTRUNNER = YES;
			};
			name = Debug;
		};
		855BE4421C4BF5E100BDCCF2 /* Release */ = {
			isa = XCBuildConfiguration;
			buildSettings = {
				INFOPLIST_FILE = "Poot TapperUITests/Info.plist";
				LD_RUNPATH_SEARCH_PATHS = "$(inherited) @executable_path/Frameworks @loader_path/Frameworks";
				PRODUCT_BUNDLE_IDENTIFIER = "com.jessemillar.Poot-TapperUITests";
				PRODUCT_NAME = "$(TARGET_NAME)";
				TEST_TARGET_NAME = "Poot Tapper";
				USES_XCTRUNNER = YES;
			};
			name = Release;
		};
/* End XCBuildConfiguration section */

/* Begin XCConfigurationList section */
		855BE40D1C4BF5E100BDCCF2 /* Build configuration list for PBXProject "Poot Tapper" */ = {
			isa = XCConfigurationList;
			buildConfigurations = (
				855BE4381C4BF5E100BDCCF2 /* Debug */,
				855BE4391C4BF5E100BDCCF2 /* Release */,
			);
			defaultConfigurationIsVisible = 0;
			defaultConfigurationName = Release;
		};
		855BE43A1C4BF5E100BDCCF2 /* Build configuration list for PBXNativeTarget "Poot Tapper" */ = {
			isa = XCConfigurationList;
			buildConfigurations = (
				855BE43B1C4BF5E100BDCCF2 /* Debug */,
				855BE43C1C4BF5E100BDCCF2 /* Release */,
			);
			defaultConfigurationIsVisible = 0;
		};
		855BE43D1C4BF5E100BDCCF2 /* Build configuration list for PBXNativeTarget "Poot TapperTests" */ = {
			isa = XCConfigurationList;
			buildConfigurations = (
				855BE43E1C4BF5E100BDCCF2 /* Debug */,
				855BE43F1C4BF5E100BDCCF2 /* Release */,
			);
			defaultConfigurationIsVisible = 0;
		};
		855BE4401C4BF5E100BDCCF2 /* Build configuration list for PBXNativeTarget "Poot TapperUITests" */ = {
			isa = XCConfigurationList;
			buildConfigurations = (
				855BE4411C4BF5E100BDCCF2 /* Debug */,
				855BE4421C4BF5E100BDCCF2 /* Release */,
			);
			defaultConfigurationIsVisible = 0;
		};
/* End XCConfigurationList section */
	};
	rootObject = 855BE40A1C4BF5E100BDCCF2 /* Project object */;
}
